
Microsoft Visual Studio Solution File, Format Version 12.00
# Visual Studio Version 17
VisualStudioVersion = 17.4.33213.308
MinimumVisualStudioVersion = 10.0.40219.1
Project("{FAE04EC0-301F-11D3-BF4B-00C04F79EFBC}") = "RoleGame", "RoleGame\RoleGame.csproj", "{2EA18A5F-A7A5-4088-A033-B921E412D90D}"
EndProject
Global
	GlobalSection(SolutionConfigurationPlatforms) = preSolution
		Debug|Any CPU = Debug|Any CPU
		Release|Any CPU = Release|Any CPU
	EndGlobalSection
	GlobalSection(ProjectConfigurationPlatforms) = postSolution
		{2EA18A5F-A7A5-4088-A033-B921E412D90D}.Debug|Any CPU.ActiveCfg = Debug|Any CPU
		{2EA18A5F-A7A5-4088-A033-B921E412D90D}.Debug|Any CPU.Build.0 = Debug|Any CPU
		{2EA18A5F-A7A5-4088-A033-B921E412D90D}.Release|Any CPU.ActiveCfg = Release|Any CPU
		{2EA18A5F-A7A5-4088-A033-B921E412D90D}.Release|Any CPU.Build.0 = Release|Any CPU
	EndGlobalSection
	GlobalSection(SolutionProperties) = preSolution
		HideSolutionNode = FALSE
	EndGlobalSection
	GlobalSection(ExtensibilityGlobals) = postSolution
		SolutionGuid = {D174DBD3-00E7-4474-8161-42D0294F1951}
	EndGlobalSection
EndGlobal
